
Microsoft Visual Studio Solution File, Format Version 12.00
# Visual Studio Version 17
VisualStudioVersion = 17.3.32825.248
MinimumVisualStudioVersion = 10.0.40219.1
Project("{888888A0-9F3D-457C-B088-3A5042F75D52}") = "kap 5 uppgift 16", "kap 5 uppgift 16\kap 5 uppgift 16.pyproj", "{5AF6ED37-9F4D-4BFF-A725-A319D32E4D5C}"
EndProject
Global
	GlobalSection(SolutionConfigurationPlatforms) = preSolution
		Debug|Any CPU = Debug|Any CPU
		Release|Any CPU = Release|Any CPU
	EndGlobalSection
	GlobalSection(ProjectConfigurationPlatforms) = postSolution
		{5AF6ED37-9F4D-4BFF-A725-A319D32E4D5C}.Debug|Any CPU.ActiveCfg = Debug|Any CPU
		{5AF6ED37-9F4D-4BFF-A725-A319D32E4D5C}.Release|Any CPU.ActiveCfg = Release|Any CPU
	EndGlobalSection
	GlobalSection(SolutionProperties) = preSolution
		HideSolutionNode = FALSE
	EndGlobalSection
	GlobalSection(ExtensibilityGlobals) = postSolution
		SolutionGuid = {86248171-2C0C-44C8-87B5-013ADFE04CB5}
	EndGlobalSection
EndGlobal
